PODS:
  - AFNetworking (3.2.1):
    - AFNetworking/NSURLSession (= 3.2.1)
    - AFNetworking/Reachability (= 3.2.1)
    - AFNetworking/Security (= 3.2.1)
    - AFNetworking/Serialization (= 3.2.1)
    - AFNetworking/UIKit (= 3.2.1)
  - AFNetworking/NSURLSession (3.2.1):
    - AFNetworking/Reachability
    - AFNetworking/Security
    - AFNetworking/Serialization
  - AFNetworking/Reachability (3.2.1)
  - AFNetworking/Security (3.2.1)
  - AFNetworking/Serialization (3.2.1)
  - AFNetworking/UIKit (3.2.1):
    - AFNetworking/NSURLSession
  - YYModel (1.0.4)
  - YYYTKNetwork (2.0.6):
    - AFNetworking (~> 3.0)

DEPENDENCIES:
  - YYModel (~> 1.0.4)
  - YYYTKNetwork (~> 2.0.6)

SPEC REPOS:
  https://github.com/cocoapods/specs.git:
    - AFNetworking
    - YYModel
    - YYYTKNetwork

SPEC CHECKSUMS:
  AFNetworking: b6f891fdfaed196b46c7a83cf209e09697b94057
  YYModel: 2a7fdd96aaa4b86a824e26d0c517de8928c04b30
  YYYTKNetwork: 326620b9bd29c9d7e7ff63583083963626c9f0fc

PODFILE CHECKSUM: 61bbef921f63ec49cc841c8d7084d36cebe27281

COCOAPODS: 1.5.3
